
Microsoft Visual Studio Solution File, Format Version 12.00
# Visual Studio 15
VisualStudioVersion = 15.0.28307.438
MinimumVisualStudioVersion = 10.0.40219.1
Project("{FAE04EC0-301F-11D3-BF4B-00C04F79EFBC}") = "Letter Distributor Client", "Letter Distributor Client\Letter Distributor Client.csproj", "{73E9874C-EBC2-4119-8092-B6239A306D01}"
EndProject
Global
	GlobalSection(SolutionConfigurationPlatforms) = preSolution
		Debug|Any CPU = Debug|Any CPU
		Release|Any CPU = Release|Any CPU
	EndGlobalSection
	GlobalSection(ProjectConfigurationPlatforms) = postSolution
		{73E9874C-EBC2-4119-8092-B6239A306D01}.Debug|Any CPU.ActiveCfg = Debug|Any CPU
		{73E9874C-EBC2-4119-8092-B6239A306D01}.Debug|Any CPU.Build.0 = Debug|Any CPU
		{73E9874C-EBC2-4119-8092-B6239A306D01}.Release|Any CPU.ActiveCfg = Release|Any CPU
		{73E9874C-EBC2-4119-8092-B6239A306D01}.Release|Any CPU.Build.0 = Release|Any CPU
	EndGlobalSection
	GlobalSection(SolutionProperties) = preSolution
		HideSolutionNode = FALSE
	EndGlobalSection
	GlobalSection(ExtensibilityGlobals) = postSolution
		SolutionGuid = {FC337B9E-C1EB-4C73-8409-BF588672B8E6}
	EndGlobalSection
EndGlobal
